
Microsoft Visual Studio Solution File, Format Version 12.00
# Visual Studio Version 17
VisualStudioVersion = 17.5.33103.201
MinimumVisualStudioVersion = 10.0.40219.1
Project("{FAE04EC0-301F-11D3-BF4B-00C04F79EFBC}") = "EmailScheduler", "EmailScheduler\EmailScheduler.csproj", "{03C3E861-AD08-4D65-BBB3-2D952C7BBFB4}"
EndProject
Global
	GlobalSection(SolutionConfigurationPlatforms) = preSolution
		Debug|Any CPU = Debug|Any CPU
		Release|Any CPU = Release|Any CPU
	EndGlobalSection
	GlobalSection(ProjectConfigurationPlatforms) = postSolution
		{03C3E861-AD08-4D65-BBB3-2D952C7BBFB4}.Debug|Any CPU.ActiveCfg = Debug|Any CPU
		{03C3E861-AD08-4D65-BBB3-2D952C7BBFB4}.Debug|Any CPU.Build.0 = Debug|Any CPU
		{03C3E861-AD08-4D65-BBB3-2D952C7BBFB4}.Release|Any CPU.ActiveCfg = Release|Any CPU
		{03C3E861-AD08-4D65-BBB3-2D952C7BBFB4}.Release|Any CPU.Build.0 = Release|Any CPU
	EndGlobalSection
	GlobalSection(SolutionProperties) = preSolution
		HideSolutionNode = FALSE
	EndGlobalSection
	GlobalSection(ExtensibilityGlobals) = postSolution
		SolutionGuid = {D5F6B64A-1B7F-4678-8238-0F81A6BDF6FB}
	EndGlobalSection
EndGlobal
